
Microsoft Visual Studio Solution File, Format Version 12.00
# Visual Studio 2013
VisualStudioVersion = 12.0.31101.0
MinimumVisualStudioVersion = 10.0.40219.1
Project("{FAE04EC0-301F-11D3-BF4B-00C04F79EFBC}") = "SingletoneDesignPattern", "SingletoneDesignPattern\SingletoneDesignPattern.csproj", "{B8ED0299-73AE-48E3-B425-80E7475F44FE}"
EndProject
Project("{FAE04EC0-301F-11D3-BF4B-00C04F79EFBC}") = "AdapterPattern", "AdapterPattern\AdapterPattern.csproj", "{A785D8FC-5A91-4ACC-A07E-AC3FA23CF537}"
EndProject
Project("{FAE04EC0-301F-11D3-BF4B-00C04F79EFBC}") = "LeadsSMSPro", "LeadsSMSPro\LeadsSMSPro.csproj", "{2F6C9FA2-D284-48F3-A7AF-37A2DE284537}"
EndProject
Project("{FAE04EC0-301F-11D3-BF4B-00C04F79EFBC}") = "KamplapurSMSExpress", "KamplapurSMSExpress\KamplapurSMSExpress.csproj", "{1AB84204-72C6-4773-8084-6C332913FBB9}"
EndProject
Global
	GlobalSection(SolutionConfigurationPlatforms) = preSolution
		Debug|Any CPU = Debug|Any CPU
		Release|Any CPU = Release|Any CPU
	EndGlobalSection
	GlobalSection(ProjectConfigurationPlatforms) = postSolution
		{B8ED0299-73AE-48E3-B425-80E7475F44FE}.Debug|Any CPU.ActiveCfg = Debug|Any CPU
		{B8ED0299-73AE-48E3-B425-80E7475F44FE}.Debug|Any CPU.Build.0 = Debug|Any CPU
		{B8ED0299-73AE-48E3-B425-80E7475F44FE}.Release|Any CPU.ActiveCfg = Release|Any CPU
		{B8ED0299-73AE-48E3-B425-80E7475F44FE}.Release|Any CPU.Build.0 = Release|Any CPU
		{A785D8FC-5A91-4ACC-A07E-AC3FA23CF537}.Debug|Any CPU.ActiveCfg = Debug|Any CPU
		{A785D8FC-5A91-4ACC-A07E-AC3FA23CF537}.Debug|Any CPU.Build.0 = Debug|Any CPU
		{A785D8FC-5A91-4ACC-A07E-AC3FA23CF537}.Release|Any CPU.ActiveCfg = Release|Any CPU
		{A785D8FC-5A91-4ACC-A07E-AC3FA23CF537}.Release|Any CPU.Build.0 = Release|Any CPU
		{2F6C9FA2-D284-48F3-A7AF-37A2DE284537}.Debug|Any CPU.ActiveCfg = Debug|Any CPU
		{2F6C9FA2-D284-48F3-A7AF-37A2DE284537}.Debug|Any CPU.Build.0 = Debug|Any CPU
		{2F6C9FA2-D284-48F3-A7AF-37A2DE284537}.Release|Any CPU.ActiveCfg = Release|Any CPU
		{2F6C9FA2-D284-48F3-A7AF-37A2DE284537}.Release|Any CPU.Build.0 = Release|Any CPU
		{1AB84204-72C6-4773-8084-6C332913FBB9}.Debug|Any CPU.ActiveCfg = Debug|Any CPU
		{1AB84204-72C6-4773-8084-6C332913FBB9}.Debug|Any CPU.Build.0 = Debug|Any CPU
		{1AB84204-72C6-4773-8084-6C332913FBB9}.Release|Any CPU.ActiveCfg = Release|Any CPU
		{1AB84204-72C6-4773-8084-6C332913FBB9}.Release|Any CPU.Build.0 = Release|Any CPU
	EndGlobalSection
	GlobalSection(SolutionProperties) = preSolution
		HideSolutionNode = FALSE
	EndGlobalSection
EndGlobal
